# This file is autogenerated, do not edit; changes may be undone by the next 'dep ensure'.


[[projects]]
  branch = "master"
  name = "github.com/pascalw/go-alfred"
  packages = ["."]
  revision = "16aeb807166cb79fe1bcf72995e14cbe882b3a9b"

[[projects]]
  name = "github.com/pkg/errors"
  packages = ["."]
  revision = "645ef00459ed84a119197bfb8d8205042c6df63d"
  version = "v0.8.0"

[[projects]]
  name = "github.com/upamune/go-esa"
  packages = ["esa"]
  revision = "192754aacd0e7fa0646d3bfde25276a8a98263f8"
  version = "0.5"

[[projects]]
  name = "github.com/urfave/cli"
  packages = ["."]
  revision = "cfb38830724cc34fedffe9a2a29fb54fa9169cd1"
  version = "v1.20.0"

[solve-meta]
  analyzer-name = "dep"
  analyzer-version = 1
  inputs-digest = "bade90f5dcec1a76c1e028f0cb375fd5d5876fbbb6c7eb524f5a0febf6252734"
  solver-name = "gps-cdcl"
  solver-version = 1
